{"1.2.0",
[{<<"cowboy">>,{pkg,<<"cowboy">>,<<"2.14.0">>},0},
 {<<"cowlib">>,{pkg,<<"cowlib">>,<<"2.20.0">>},1},
 {<<"ranch">>,{pkg,<<"ranch">>,<<"2.3.0">>},1}]}.
[
{pkg_hash,[
 {<<"cowboy">>, <<"565DCF221BA99B1255B0ADCEC24D2D8DBE79E46EC79F30F8373CCEADC6A41E2A">>},
 {<<"cowlib">>, <<"BB525377BA634CD6D68BAC7BFF5D98571F738806139D335DACA827717C5DC172">>},
 {<<"ranch">>, <<"7DE7B041A9A6A5091A3AA5898D66C0564BE671D87DB4F9D63B1B5EE775B097DF">>}]},
{pkg_hash_ext,[
 {<<"cowboy">>, <<"EA99769574550FE8A83225C752E8A62780A586770EF408816B82B6FE6D46476B">>},
 {<<"cowlib">>, <<"7D41A0DD2C093041FF3779AC5FE8A1585A68EC7CB2DD1DE0536BDD2452FD7BA1">>},
 {<<"ranch">>, <<"6168EC49409D982F7CFBD83DD083144F6CBE67CAA4036551D2F0A3AD67C9D023">>}]}
].
